
Microsoft Visual Studio Solution File, Format Version 12.00
# Visual Studio Version 16
VisualStudioVersion = 16.0.31613.86
MinimumVisualStudioVersion = 10.0.40219.1
Project("{FAE04EC0-301F-11D3-BF4B-00C04F79EFBC}") = "Quiz Juan Sebastian Perez", "Quiz Juan Sebastian Perez\Quiz Juan Sebastian Perez.csproj", "{57FC3ACA-CBD0-41AA-BF68-C508846B806C}"
EndProject
Global
	GlobalSection(SolutionConfigurationPlatforms) = preSolution
		Debug|Any CPU = Debug|Any CPU
		Release|Any CPU = Release|Any CPU
	EndGlobalSection
	GlobalSection(ProjectConfigurationPlatforms) = postSolution
		{57FC3ACA-CBD0-41AA-BF68-C508846B806C}.Debug|Any CPU.ActiveCfg = Debug|Any CPU
		{57FC3ACA-CBD0-41AA-BF68-C508846B806C}.Debug|Any CPU.Build.0 = Debug|Any CPU
		{57FC3ACA-CBD0-41AA-BF68-C508846B806C}.Release|Any CPU.ActiveCfg = Release|Any CPU
		{57FC3ACA-CBD0-41AA-BF68-C508846B806C}.Release|Any CPU.Build.0 = Release|Any CPU
	EndGlobalSection
	GlobalSection(SolutionProperties) = preSolution
		HideSolutionNode = FALSE
	EndGlobalSection
	GlobalSection(ExtensibilityGlobals) = postSolution
		SolutionGuid = {118C9172-0DDE-44C7-A4E8-EC924F5F090F}
	EndGlobalSection
EndGlobal
